
Microsoft Visual Studio Solution File, Format Version 12.00
# Visual Studio Version 17
VisualStudioVersion = 17.13.35919.96 d17.13
MinimumVisualStudioVersion = 10.0.40219.1
Project("{FAE04EC0-301F-11D3-BF4B-00C04F79EFBC}") = "Calculadora", "Calculadora\Calculadora.csproj", "{5789E178-6FE4-4D68-B532-4639FBAA07BE}"
EndProject
Global
	GlobalSection(SolutionConfigurationPlatforms) = preSolution
		Debug|Any CPU = Debug|Any CPU
		Release|Any CPU = Release|Any CPU
	EndGlobalSection
	GlobalSection(ProjectConfigurationPlatforms) = postSolution
		{5789E178-6FE4-4D68-B532-4639FBAA07BE}.Debug|Any CPU.ActiveCfg = Debug|Any CPU
		{5789E178-6FE4-4D68-B532-4639FBAA07BE}.Debug|Any CPU.Build.0 = Debug|Any CPU
		{5789E178-6FE4-4D68-B532-4639FBAA07BE}.Release|Any CPU.ActiveCfg = Release|Any CPU
		{5789E178-6FE4-4D68-B532-4639FBAA07BE}.Release|Any CPU.Build.0 = Release|Any CPU
	EndGlobalSection
	GlobalSection(SolutionProperties) = preSolution
		HideSolutionNode = FALSE
	EndGlobalSection
	GlobalSection(ExtensibilityGlobals) = postSolution
		SolutionGuid = {2A1B42A5-3032-4E1D-AF44-791877E816B8}
	EndGlobalSection
EndGlobal
